{
  "name": "module3-agent",
  "version": "1.0.0",
  "lockfileVersion": 3,
  "requires": true,
  "packages": {
    "": {
      "name": "module3-agent",
      "version": "1.0.0",
      "license": "ISC",
      "devDependencies": {
        "@llamaindex/liteparse": "^2.5.0",
        "js-yaml": "^4.3.0"
      }
    },
    "node_modules/@llamaindex/liteparse": {
      "version": "2.5.0",
      "resolved": "https://registry.npmjs.org/@llamaindex/liteparse/-/liteparse-2.5.0.tgz",
      "integrity": "sha512-axLSvxh/7Pa1f0EuXifLbqD79S6Ssli8b+sKfNHqsNbGXpPEGtvh8oQNQocrq4aoFRjRS+YWQ50LU0Ghy0/rvg==",
      "dev": true,
      "license": "Apache-2.0",
      "dependencies": {
        "commander": "^12.0.0"
      },
      "bin": {
        "lit": "dist/cli.js",
        "liteparse": "dist/cli.js"
      },
      "engines": {
        "node": ">=18.0.0"
      },
      "optionalDependencies": {
        "@llamaindex/liteparse-darwin-arm64": "2.5.0",
        "@llamaindex/liteparse-darwin-x64": "2.5.0",
        "@llamaindex/liteparse-linux-arm64-gnu": "2.5.0",
        "@llamaindex/liteparse-linux-x64-gnu": "2.5.0",
        "@llamaindex/liteparse-linux-x64-musl": "2.5.0",
        "@llamaindex/liteparse-win32-arm64-msvc": "2.5.0",
        "@llamaindex/liteparse-win32-x64-msvc": "2.5.0"
      }
    },
    "node_modules/@llamaindex/liteparse-darwin-arm64": {
      "version": "2.5.0",
      "resolved": "https://registry.npmjs.org/@llamaindex/liteparse-darwin-arm64/-/liteparse-darwin-arm64-2.5.0.tgz",
      "integrity": "sha512-rMeO2MUAyezEL0mspuQ7SQwTf2PzGphqzXQGF6Hxvg1nfDK1IBbs4fWlOWpe9ZLn2l73lBlTTlFJiQDiI0hH1A==",
      "cpu": [
        "arm64"
      ],
      "dev": true,
      "license": "Apache-2.0",
      "optional": true,
      "os": [
        "darwin"
      ]
    },
    "node_modules/@llamaindex/liteparse-darwin-x64": {
      "version": "2.5.0",
      "resolved": "https://registry.npmjs.org/@llamaindex/liteparse-darwin-x64/-/liteparse-darwin-x64-2.5.0.tgz",
      "integrity": "sha512-buylqT3siI30t4XLNR10MvDgCmO6zB1gSBZtwlzLectKQ92GDAweIx1wV76NTL5nIQTy6FilGquTBJLhO+iJ4Q==",
      "cpu": [
        "x64"
      ],
      "dev": true,
      "license": "Apache-2.0",
      "optional": true,
      "os": [
        "darwin"
      ]
    },
    "node_modules/@llamaindex/liteparse-linux-arm64-gnu": {
      "version": "2.5.0",
      "resolved": "https://registry.npmjs.org/@llamaindex/liteparse-linux-arm64-gnu/-/liteparse-linux-arm64-gnu-2.5.0.tgz",
      "integrity": "sha512-pLJLYQiYbMaaX5PpSkiCzhnNB9qsHvuxgjSmKQDVnPoMHiykxRT91jo0XUXuu+2yGs1nFjKyGyvJevGAlpug2w==",
      "cpu": [
        "arm64"
      ],
      "dev": true,
      "license": "Apache-2.0",
      "optional": true,
      "os": [
        "linux"
      ]
    },
    "node_modules/@llamaindex/liteparse-linux-x64-gnu": {
      "version": "2.5.0",
      "resolved": "https://registry.npmjs.org/@llamaindex/liteparse-linux-x64-gnu/-/liteparse-linux-x64-gnu-2.5.0.tgz",
      "integrity": "sha512-WeMP9JZfW8+yeKzEcpEzwKRyuNtEaRQCoU7AHY5eWYuO31rj5EMGvxKlAwsX/Qs7YoDpedutJ4+Y/xLzlVhjwQ==",
      "cpu": [
        "x64"
      ],
      "dev": true,
      "license": "Apache-2.0",
      "optional": true,
      "os": [
        "linux"
      ]
    },
    "node_modules/@llamaindex/liteparse-linux-x64-musl": {
      "version": "2.5.0",
      "resolved": "https://registry.npmjs.org/@llamaindex/liteparse-linux-x64-musl/-/liteparse-linux-x64-musl-2.5.0.tgz",
      "integrity": "sha512-GgR/xtQnZi0+FIF/VsdmGA299rPyhVaB9lXFdFe81f2WrWuXp1ja0sml0JvyImUNRZoRM6S17faGBHxauU+fDQ==",
      "cpu": [
        "x64"
      ],
      "dev": true,
      "license": "Apache-2.0",
      "optional": true,
      "os": [
        "linux"
      ]
    },
    "node_modules/@llamaindex/liteparse-win32-arm64-msvc": {
      "version": "2.5.0",
      "resolved": "https://registry.npmjs.org/@llamaindex/liteparse-win32-arm64-msvc/-/liteparse-win32-arm64-msvc-2.5.0.tgz",
      "integrity": "sha512-Q4QR8aE8ZNmVEF6bu7j48Aa6YkIqCR9R/w1ifIw/+ogrsPx5m4+UkypWgEbbHdZejSIZFQC9jTlIVaRFkzJ+2Q==",
      "cpu": [
        "arm64"
      ],
      "dev": true,
      "license": "Apache-2.0",
      "optional": true,
      "os": [
        "win32"
      ]
    },
    "node_modules/@llamaindex/liteparse-win32-x64-msvc": {
      "version": "2.5.0",
      "resolved": "https://registry.npmjs.org/@llamaindex/liteparse-win32-x64-msvc/-/liteparse-win32-x64-msvc-2.5.0.tgz",
      "integrity": "sha512-PHo7F637ZdXmvIGVfUaKwO/kNu6rFcggt0IOe+BWk1bCaAr9MFWuCPSVwoepj6wdwL9SLDBiqpDTr4mleirDbA==",
      "cpu": [
        "x64"
      ],
      "dev": true,
      "license": "Apache-2.0",
      "optional": true,
      "os": [
        "win32"
      ]
    },
    "node_modules/argparse": {
      "version": "2.0.1",
      "resolved": "https://registry.npmjs.org/argparse/-/argparse-2.0.1.tgz",
      "integrity": "sha512-8+9WqebbFzpX9OR+Wa6O29asIogeRMzcGtAINdpMHHyAg10f05aSFVBbcEqGf/PXw1EjAZ+q2/bEBg3DvurK3Q==",
      "dev": true,
      "license": "Python-2.0"
    },
    "node_modules/commander": {
      "version": "12.1.0",
      "resolved": "https://registry.npmjs.org/commander/-/commander-12.1.0.tgz",
      "integrity": "sha512-Vw8qHK3bZM9y/P10u3Vib8o/DdkvA2OtPtZvD871QKjy74Wj1WSKFILMPRPSdUSx5RFK1arlJzEtA4PkFgnbuA==",
      "dev": true,
      "license": "MIT",
      "engines": {
        "node": ">=18"
      }
    },
    "node_modules/js-yaml": {
      "version": "4.3.0",
      "resolved": "https://registry.npmjs.org/js-yaml/-/js-yaml-4.3.0.tgz",
      "integrity": "sha512-1td788aAnnZ5qs7V2QIRl1owjtYpbKt749Y3xauqQgwIIGF/xXWz1wMTEBx5O3LK3lXLVuqXPdPxj2BoFHaW9Q==",
      "dev": true,
      "funding": [
        {
          "type": "github",
          "url": "https://github.com/sponsors/puzrin"
        },
        {
          "type": "github",
          "url": "https://github.com/sponsors/nodeca"
        }
      ],
      "license": "MIT",
      "dependencies": {
        "argparse": "^2.0.1"
      },
      "bin": {
        "js-yaml": "bin/js-yaml.js"
      }
    }
  }
}
